
Microsoft Visual Studio Solution File, Format Version 12.00
# Visual Studio Version 17
VisualStudioVersion = 17.11.35312.102
MinimumVisualStudioVersion = 10.0.40219.1
Project("{FAE04EC0-301F-11D3-BF4B-00C04F79EFBC}") = "SolidAnalyzersNuget", "SolidAnalyzersNuget\SolidAnalyzersNuget\SolidAnalyzersNuget.csproj", "{E3DF1FDF-D06C-4A4B-9480-6A99229E9152}"
EndProject
Project("{FAE04EC0-301F-11D3-BF4B-00C04F79EFBC}") = "SolidAnalyzersNuget.CodeFixes", "SolidAnalyzersNuget\SolidAnalyzersNuget.CodeFixes\SolidAnalyzersNuget.CodeFixes.csproj", "{4077055A-492B-47DE-838F-89CE15DA6B66}"
EndProject
Project("{FAE04EC0-301F-11D3-BF4B-00C04F79EFBC}") = "SolidAnalyzersNuget.Package", "SolidAnalyzersNuget\SolidAnalyzersNuget.Package\SolidAnalyzersNuget.Package.csproj", "{132BBF41-57C0-454F-8D52-D6D7D694C8BC}"
EndProject
Project("{FAE04EC0-301F-11D3-BF4B-00C04F79EFBC}") = "SolidAnalyzersNuget.Test", "SolidAnalyzersNuget\SolidAnalyzersNuget.Test\SolidAnalyzersNuget.Test.csproj", "{BBA048E2-6D3E-4344-AC06-7A77ACAE5BB4}"
EndProject
Project("{FAE04EC0-301F-11D3-BF4B-00C04F79EFBC}") = "SolidAnalyzersNuget.Vsix", "SolidAnalyzersNuget\SolidAnalyzersNuget.Vsix\SolidAnalyzersNuget.Vsix.csproj", "{AF83BD5F-1740-4F36-96FF-67A2F9DA735B}"
EndProject
Global
	GlobalSection(SolutionConfigurationPlatforms) = preSolution
		Debug|Any CPU = Debug|Any CPU
		Release|Any CPU = Release|Any CPU
	EndGlobalSection
	GlobalSection(ProjectConfigurationPlatforms) = postSolution
		{E3DF1FDF-D06C-4A4B-9480-6A99229E9152}.Debug|Any CPU.ActiveCfg = Debug|Any CPU
		{E3DF1FDF-D06C-4A4B-9480-6A99229E9152}.Debug|Any CPU.Build.0 = Debug|Any CPU
		{E3DF1FDF-D06C-4A4B-9480-6A99229E9152}.Release|Any CPU.ActiveCfg = Release|Any CPU
		{E3DF1FDF-D06C-4A4B-9480-6A99229E9152}.Release|Any CPU.Build.0 = Release|Any CPU
		{4077055A-492B-47DE-838F-89CE15DA6B66}.Debug|Any CPU.ActiveCfg = Debug|Any CPU
		{4077055A-492B-47DE-838F-89CE15DA6B66}.Debug|Any CPU.Build.0 = Debug|Any CPU
		{4077055A-492B-47DE-838F-89CE15DA6B66}.Release|Any CPU.ActiveCfg = Release|Any CPU
		{4077055A-492B-47DE-838F-89CE15DA6B66}.Release|Any CPU.Build.0 = Release|Any CPU
		{132BBF41-57C0-454F-8D52-D6D7D694C8BC}.Debug|Any CPU.ActiveCfg = Debug|Any CPU
		{132BBF41-57C0-454F-8D52-D6D7D694C8BC}.Debug|Any CPU.Build.0 = Debug|Any CPU
		{132BBF41-57C0-454F-8D52-D6D7D694C8BC}.Release|Any CPU.ActiveCfg = Release|Any CPU
		{132BBF41-57C0-454F-8D52-D6D7D694C8BC}.Release|Any CPU.Build.0 = Release|Any CPU
		{BBA048E2-6D3E-4344-AC06-7A77ACAE5BB4}.Debug|Any CPU.ActiveCfg = Debug|Any CPU
		{BBA048E2-6D3E-4344-AC06-7A77ACAE5BB4}.Debug|Any CPU.Build.0 = Debug|Any CPU
		{BBA048E2-6D3E-4344-AC06-7A77ACAE5BB4}.Release|Any CPU.ActiveCfg = Release|Any CPU
		{BBA048E2-6D3E-4344-AC06-7A77ACAE5BB4}.Release|Any CPU.Build.0 = Release|Any CPU
		{AF83BD5F-1740-4F36-96FF-67A2F9DA735B}.Debug|Any CPU.ActiveCfg = Debug|Any CPU
		{AF83BD5F-1740-4F36-96FF-67A2F9DA735B}.Debug|Any CPU.Build.0 = Debug|Any CPU
		{AF83BD5F-1740-4F36-96FF-67A2F9DA735B}.Release|Any CPU.ActiveCfg = Release|Any CPU
		{AF83BD5F-1740-4F36-96FF-67A2F9DA735B}.Release|Any CPU.Build.0 = Release|Any CPU
	EndGlobalSection
	GlobalSection(SolutionProperties) = preSolution
		HideSolutionNode = FALSE
	EndGlobalSection
	GlobalSection(ExtensibilityGlobals) = postSolution
		SolutionGuid = {3D62ADE7-A603-4673-AE0B-8F0F12E91A9C}
	EndGlobalSection
EndGlobal
